
Microsoft Visual Studio Solution File, Format Version 12.00
# Visual Studio Version 16
VisualStudioVersion = 16.0.30204.135
MinimumVisualStudioVersion = 10.0.40219.1
Project("{FAE04EC0-301F-11D3-BF4B-00C04F79EFBC}") = "MyDiary.UWP", "MyDiary\MyDiary.UWP\MyDiary.UWP.csproj", "{42FDB027-1393-4E46-98C1-19FBAC5B12F0}"
EndProject
Project("{FAE04EC0-301F-11D3-BF4B-00C04F79EFBC}") = "MyDiary.Android", "MyDiary\MyDiary.Android\MyDiary.Android.csproj", "{968A6AA5-AA8D-47C6-B328-A17A16DFD382}"
EndProject
Project("{FAE04EC0-301F-11D3-BF4B-00C04F79EFBC}") = "MyDiary.iOS", "MyDiary\MyDiary.iOS\MyDiary.iOS.csproj", "{5F401BE5-142E-4043-AF93-5281A6D12D68}"
EndProject
Project("{FAE04EC0-301F-11D3-BF4B-00C04F79EFBC}") = "MyDiary", "MyDiary\MyDiary\MyDiary.csproj", "{7D621DBD-2D13-4DBB-B004-315B8E452F3E}"
EndProject
Global
	GlobalSection(SolutionConfigurationPlatforms) = preSolution
		Debug|Any CPU = Debug|Any CPU
		Debug|ARM = Debug|ARM
		Debug|iPhone = Debug|iPhone
		Debug|iPhoneSimulator = Debug|iPhoneSimulator
		Debug|x64 = Debug|x64
		Debug|x86 = Debug|x86
		Release|Any CPU = Release|Any CPU
		Release|ARM = Release|ARM
		Release|iPhone = Release|iPhone
		Release|iPhoneSimulator = Release|iPhoneSimulator
		Release|x64 = Release|x64
		Release|x86 = Release|x86
	EndGlobalSection
	GlobalSection(ProjectConfigurationPlatforms) = postSolution
		{42FDB027-1393-4E46-98C1-19FBAC5B12F0}.Debug|Any CPU.ActiveCfg = Debug|x86
		{42FDB027-1393-4E46-98C1-19FBAC5B12F0}.Debug|ARM.ActiveCfg = Debug|ARM
		{42FDB027-1393-4E46-98C1-19FBAC5B12F0}.Debug|ARM.Build.0 = Debug|ARM
		{42FDB027-1393-4E46-98C1-19FBAC5B12F0}.Debug|ARM.Deploy.0 = Debug|ARM
		{42FDB027-1393-4E46-98C1-19FBAC5B12F0}.Debug|iPhone.ActiveCfg = Debug|x86
		{42FDB027-1393-4E46-98C1-19FBAC5B12F0}.Debug|iPhone.Build.0 = Debug|x86
		{42FDB027-1393-4E46-98C1-19FBAC5B12F0}.Debug|iPhone.Deploy.0 = Debug|x86
		{42FDB027-1393-4E46-98C1-19FBAC5B12F0}.Debug|iPhoneSimulator.ActiveCfg = Debug|x86
		{42FDB027-1393-4E46-98C1-19FBAC5B12F0}.Debug|iPhoneSimulator.Build.0 = Debug|x86
		{42FDB027-1393-4E46-98C1-19FBAC5B12F0}.Debug|iPhoneSimulator.Deploy.0 = Debug|x86
		{42FDB027-1393-4E46-98C1-19FBAC5B12F0}.Debug|x64.ActiveCfg = Debug|x64
		{42FDB027-1393-4E46-98C1-19FBAC5B12F0}.Debug|x64.Build.0 = Debug|x64
		{42FDB027-1393-4E46-98C1-19FBAC5B12F0}.Debug|x64.Deploy.0 = Debug|x64
		{42FDB027-1393-4E46-98C1-19FBAC5B12F0}.Debug|x86.ActiveCfg = Debug|x86
		{42FDB027-1393-4E46-98C1-19FBAC5B12F0}.Debug|x86.Build.0 = Debug|x86
		{42FDB027-1393-4E46-98C1-19FBAC5B12F0}.Debug|x86.Deploy.0 = Debug|x86
		{42FDB027-1393-4E46-98C1-19FBAC5B12F0}.Release|Any CPU.ActiveCfg = Release|x86
		{42FDB027-1393-4E46-98C1-19FBAC5B12F0}.Release|Any CPU.Build.0 = Release|x86
		{42FDB027-1393-4E46-98C1-19FBAC5B12F0}.Release|Any CPU.Deploy.0 = Release|x86
		{42FDB027-1393-4E46-98C1-19FBAC5B12F0}.Release|ARM.ActiveCfg = Release|ARM
		{42FDB027-1393-4E46-98C1-19FBAC5B12F0}.Release|ARM.Build.0 = Release|ARM
		{42FDB027-1393-4E46-98C1-19FBAC5B12F0}.Release|ARM.Deploy.0 = Release|ARM
		{42FDB027-1393-4E46-98C1-19FBAC5B12F0}.Release|iPhone.ActiveCfg = Release|x86
		{42FDB027-1393-4E46-98C1-19FBAC5B12F0}.Release|iPhone.Build.0 = Release|x86
		{42FDB027-1393-4E46-98C1-19FBAC5B12F0}.Release|iPhone.Deploy.0 = Release|x86
		{42FDB027-1393-4E46-98C1-19FBAC5B12F0}.Release|iPhoneSimulator.ActiveCfg = Release|x86
		{42FDB027-1393-4E46-98C1-19FBAC5B12F0}.Release|iPhoneSimulator.Build.0 = Release|x86
		{42FDB027-1393-4E46-98C1-19FBAC5B12F0}.Release|iPhoneSimulator.Deploy.0 = Release|x86
		{42FDB027-1393-4E46-98C1-19FBAC5B12F0}.Release|x64.ActiveCfg = Release|x64
		{42FDB027-1393-4E46-98C1-19FBAC5B12F0}.Release|x64.Build.0 = Release|x64
		{42FDB027-1393-4E46-98C1-19FBAC5B12F0}.Release|x64.Deploy.0 = Release|x64
		{42FDB027-1393-4E46-98C1-19FBAC5B12F0}.Release|x86.ActiveCfg = Release|x86
		{42FDB027-1393-4E46-98C1-19FBAC5B12F0}.Release|x86.Build.0 = Release|x86
		{42FDB027-1393-4E46-98C1-19FBAC5B12F0}.Release|x86.Deploy.0 = Release|x86
		{968A6AA5-AA8D-47C6-B328-A17A16DFD382}.Debug|Any CPU.ActiveCfg = Debug|Any CPU
		{968A6AA5-AA8D-47C6-B328-A17A16DFD382}.Debug|Any CPU.Build.0 = Debug|Any CPU
		{968A6AA5-AA8D-47C6-B328-A17A16DFD382}.Debug|Any CPU.Deploy.0 = Debug|Any CPU
		{968A6AA5-AA8D-47C6-B328-A17A16DFD382}.Debug|ARM.ActiveCfg = Debug|Any CPU
		{968A6AA5-AA8D-47C6-B328-A17A16DFD382}.Debug|ARM.Build.0 = Debug|Any CPU
		{968A6AA5-AA8D-47C6-B328-A17A16DFD382}.Debug|ARM.Deploy.0 = Debug|Any CPU
		{968A6AA5-AA8D-47C6-B328-A17A16DFD382}.Debug|iPhone.ActiveCfg = Debug|Any CPU
		{968A6AA5-AA8D-47C6-B328-A17A16DFD382}.Debug|iPhone.Build.0 = Debug|Any CPU
		{968A6AA5-AA8D-47C6-B328-A17A16DFD382}.Debug|iPhone.Deploy.0 = Debug|Any CPU
		{968A6AA5-AA8D-47C6-B328-A17A16DFD382}.Debug|iPhoneSimulator.ActiveCfg = Debug|Any CPU
		{968A6AA5-AA8D-47C6-B328-A17A16DFD382}.Debug|iPhoneSimulator.Build.0 = Debug|Any CPU
		{968A6AA5-AA8D-47C6-B328-A17A16DFD382}.Debug|iPhoneSimulator.Deploy.0 = Debug|Any CPU
		{968A6AA5-AA8D-47C6-B328-A17A16DFD382}.Debug|x64.ActiveCfg = Debug|Any CPU
		{968A6AA5-AA8D-47C6-B328-A17A16DFD382}.Debug|x64.Build.0 = Debug|Any CPU
		{968A6AA5-AA8D-47C6-B328-A17A16DFD382}.Debug|x64.Deploy.0 = Debug|Any CPU
		{968A6AA5-AA8D-47C6-B328-A17A16DFD382}.Debug|x86.ActiveCfg = Debug|Any CPU
		{968A6AA5-AA8D-47C6-B328-A17A16DFD382}.Debug|x86.Build.0 = Debug|Any CPU
		{968A6AA5-AA8D-47C6-B328-A17A16DFD382}.Debug|x86.Deploy.0 = Debug|Any CPU
		{968A6AA5-AA8D-47C6-B328-A17A16DFD382}.Release|Any CPU.ActiveCfg = Release|Any CPU
		{968A6AA5-AA8D-47C6-B328-A17A16DFD382}.Release|Any CPU.Build.0 = Release|Any CPU
		{968A6AA5-AA8D-47C6-B328-A17A16DFD382}.Release|Any CPU.Deploy.0 = Release|Any CPU
		{968A6AA5-AA8D-47C6-B328-A17A16DFD382}.Release|ARM.ActiveCfg = Release|Any CPU
		{968A6AA5-AA8D-47C6-B328-A17A16DFD382}.Release|ARM.Build.0 = Release|Any CPU
		{968A6AA5-AA8D-47C6-B328-A17A16DFD382}.Release|ARM.Deploy.0 = Release|Any CPU
		{968A6AA5-AA8D-47C6-B328-A17A16DFD382}.Release|iPhone.ActiveCfg = Release|Any CPU
		{968A6AA5-AA8D-47C6-B328-A17A16DFD382}.Release|iPhone.Build.0 = Release|Any CPU
		{968A6AA5-AA8D-47C6-B328-A17A16DFD382}.Release|iPhone.Deploy.0 = Release|Any CPU
		{968A6AA5-AA8D-47C6-B328-A17A16DFD382}.Release|iPhoneSimulator.ActiveCfg = Release|Any CPU
		{968A6AA5-AA8D-47C6-B328-A17A16DFD382}.Release|iPhoneSimulator.Build.0 = Release|Any CPU
		{968A6AA5-AA8D-47C6-B328-A17A16DFD382}.Release|iPhoneSimulator.Deploy.0 = Release|Any CPU
		{968A6AA5-AA8D-47C6-B328-A17A16DFD382}.Release|x64.ActiveCfg = Release|Any CPU
		{968A6AA5-AA8D-47C6-B328-A17A16DFD382}.Release|x64.Build.0 = Release|Any CPU
		{968A6AA5-AA8D-47C6-B328-A17A16DFD382}.Release|x64.Deploy.0 = Release|Any CPU
		{968A6AA5-AA8D-47C6-B328-A17A16DFD382}.Release|x86.ActiveCfg = Release|Any CPU
		{968A6AA5-AA8D-47C6-B328-A17A16DFD382}.Release|x86.Build.0 = Release|Any CPU
		{968A6AA5-AA8D-47C6-B328-A17A16DFD382}.Release|x86.Deploy.0 = Release|Any CPU
		{5F401BE5-142E-4043-AF93-5281A6D12D68}.Debug|Any CPU.ActiveCfg = Debug|iPhone
		{5F401BE5-142E-4043-AF93-5281A6D12D68}.Debug|ARM.ActiveCfg = Debug|iPhone
		{5F401BE5-142E-4043-AF93-5281A6D12D68}.Debug|ARM.Build.0 = Debug|iPhone
		{5F401BE5-142E-4043-AF93-5281A6D12D68}.Debug|ARM.Deploy.0 = Debug|iPhone
		{5F401BE5-142E-4043-AF93-5281A6D12D68}.Debug|iPhone.ActiveCfg = Debug|iPhone
		{5F401BE5-142E-4043-AF93-5281A6D12D68}.Debug|iPhone.Build.0 = Debug|iPhone
		{5F401BE5-142E-4043-AF93-5281A6D12D68}.Debug|iPhone.Deploy.0 = Debug|iPhone
		{5F401BE5-142E-4043-AF93-5281A6D12D68}.Debug|iPhoneSimulator.ActiveCfg = Debug|iPhoneSimulator
		{5F401BE5-142E-4043-AF93-5281A6D12D68}.Debug|iPhoneSimulator.Build.0 = Debug|iPhoneSimulator
		{5F401BE5-142E-4043-AF93-5281A6D12D68}.Debug|iPhoneSimulator.Deploy.0 = Debug|iPhoneSimulator
		{5F401BE5-142E-4043-AF93-5281A6D12D68}.Debug|x64.ActiveCfg = Debug|iPhone
		{5F401BE5-142E-4043-AF93-5281A6D12D68}.Debug|x64.Build.0 = Debug|iPhone
		{5F401BE5-142E-4043-AF93-5281A6D12D68}.Debug|x64.Deploy.0 = Debug|iPhone
		{5F401BE5-142E-4043-AF93-5281A6D12D68}.Debug|x86.ActiveCfg = Debug|iPhone
		{5F401BE5-142E-4043-AF93-5281A6D12D68}.Debug|x86.Build.0 = Debug|iPhone
		{5F401BE5-142E-4043-AF93-5281A6D12D68}.Debug|x86.Deploy.0 = Debug|iPhone
		{5F401BE5-142E-4043-AF93-5281A6D12D68}.Release|Any CPU.ActiveCfg = Release|iPhone
		{5F401BE5-142E-4043-AF93-5281A6D12D68}.Release|Any CPU.Build.0 = Release|iPhone
		{5F401BE5-142E-4043-AF93-5281A6D12D68}.Release|Any CPU.Deploy.0 = Release|iPhone
		{5F401BE5-142E-4043-AF93-5281A6D12D68}.Release|ARM.ActiveCfg = Release|iPhone
		{5F401BE5-142E-4043-AF93-5281A6D12D68}.Release|ARM.Build.0 = Release|iPhone
		{5F401BE5-142E-4043-AF93-5281A6D12D68}.Release|ARM.Deploy.0 = Release|iPhone
		{5F401BE5-142E-4043-AF93-5281A6D12D68}.Release|iPhone.ActiveCfg = Release|iPhone
		{5F401BE5-142E-4043-AF93-5281A6D12D68}.Release|iPhone.Build.0 = Release|iPhone
		{5F401BE5-142E-4043-AF93-5281A6D12D68}.Release|iPhone.Deploy.0 = Release|iPhone
		{5F401BE5-142E-4043-AF93-5281A6D12D68}.Release|iPhoneSimulator.ActiveCfg = Release|iPhoneSimulator
		{5F401BE5-142E-4043-AF93-5281A6D12D68}.Release|iPhoneSimulator.Build.0 = Release|iPhoneSimulator
		{5F401BE5-142E-4043-AF93-5281A6D12D68}.Release|iPhoneSimulator.Deploy.0 = Release|iPhoneSimulator
		{5F401BE5-142E-4043-AF93-5281A6D12D68}.Release|x64.ActiveCfg = Release|iPhone
		{5F401BE5-142E-4043-AF93-5281A6D12D68}.Release|x64.Build.0 = Release|iPhone
		{5F401BE5-142E-4043-AF93-5281A6D12D68}.Release|x64.Deploy.0 = Release|iPhone
		{5F401BE5-142E-4043-AF93-5281A6D12D68}.Release|x86.ActiveCfg = Release|iPhone
		{5F401BE5-142E-4043-AF93-5281A6D12D68}.Release|x86.Build.0 = Release|iPhone
		{5F401BE5-142E-4043-AF93-5281A6D12D68}.Release|x86.Deploy.0 = Release|iPhone
		{7D621DBD-2D13-4DBB-B004-315B8E452F3E}.Debug|Any CPU.ActiveCfg = Debug|Any CPU
		{7D621DBD-2D13-4DBB-B004-315B8E452F3E}.Debug|Any CPU.Build.0 = Debug|Any CPU
		{7D621DBD-2D13-4DBB-B004-315B8E452F3E}.Debug|Any CPU.Deploy.0 = Debug|Any CPU
		{7D621DBD-2D13-4DBB-B004-315B8E452F3E}.Debug|ARM.ActiveCfg = Debug|Any CPU
		{7D621DBD-2D13-4DBB-B004-315B8E452F3E}.Debug|ARM.Build.0 = Debug|Any CPU
		{7D621DBD-2D13-4DBB-B004-315B8E452F3E}.Debug|ARM.Deploy.0 = Debug|Any CPU
		{7D621DBD-2D13-4DBB-B004-315B8E452F3E}.Debug|iPhone.ActiveCfg = Debug|Any CPU
		{7D621DBD-2D13-4DBB-B004-315B8E452F3E}.Debug|iPhone.Build.0 = Debug|Any CPU
		{7D621DBD-2D13-4DBB-B004-315B8E452F3E}.Debug|iPhone.Deploy.0 = Debug|Any CPU
		{7D621DBD-2D13-4DBB-B004-315B8E452F3E}.Debug|iPhoneSimulator.ActiveCfg = Debug|Any CPU
		{7D621DBD-2D13-4DBB-B004-315B8E452F3E}.Debug|iPhoneSimulator.Build.0 = Debug|Any CPU
		{7D621DBD-2D13-4DBB-B004-315B8E452F3E}.Debug|iPhoneSimulator.Deploy.0 = Debug|Any CPU
		{7D621DBD-2D13-4DBB-B004-315B8E452F3E}.Debug|x64.ActiveCfg = Debug|Any CPU
		{7D621DBD-2D13-4DBB-B004-315B8E452F3E}.Debug|x64.Build.0 = Debug|Any CPU
		{7D621DBD-2D13-4DBB-B004-315B8E452F3E}.Debug|x64.Deploy.0 = Debug|Any CPU
		{7D621DBD-2D13-4DBB-B004-315B8E452F3E}.Debug|x86.ActiveCfg = Debug|Any CPU
		{7D621DBD-2D13-4DBB-B004-315B8E452F3E}.Debug|x86.Build.0 = Debug|Any CPU
		{7D621DBD-2D13-4DBB-B004-315B8E452F3E}.Debug|x86.Deploy.0 = Debug|Any CPU
		{7D621DBD-2D13-4DBB-B004-315B8E452F3E}.Release|Any CPU.ActiveCfg = Release|Any CPU
		{7D621DBD-2D13-4DBB-B004-315B8E452F3E}.Release|Any CPU.Build.0 = Release|Any CPU
		{7D621DBD-2D13-4DBB-B004-315B8E452F3E}.Release|Any CPU.Deploy.0 = Release|Any CPU
		{7D621DBD-2D13-4DBB-B004-315B8E452F3E}.Release|ARM.ActiveCfg = Release|Any CPU
		{7D621DBD-2D13-4DBB-B004-315B8E452F3E}.Release|ARM.Build.0 = Release|Any CPU
		{7D621DBD-2D13-4DBB-B004-315B8E452F3E}.Release|ARM.Deploy.0 = Release|Any CPU
		{7D621DBD-2D13-4DBB-B004-315B8E452F3E}.Release|iPhone.ActiveCfg = Release|Any CPU
		{7D621DBD-2D13-4DBB-B004-315B8E452F3E}.Release|iPhone.Build.0 = Release|Any CPU
		{7D621DBD-2D13-4DBB-B004-315B8E452F3E}.Release|iPhone.Deploy.0 = Release|Any CPU
		{7D621DBD-2D13-4DBB-B004-315B8E452F3E}.Release|iPhoneSimulator.ActiveCfg = Release|Any CPU
		{7D621DBD-2D13-4DBB-B004-315B8E452F3E}.Release|iPhoneSimulator.Build.0 = Release|Any CPU
		{7D621DBD-2D13-4DBB-B004-315B8E452F3E}.Release|iPhoneSimulator.Deploy.0 = Release|Any CPU
		{7D621DBD-2D13-4DBB-B004-315B8E452F3E}.Release|x64.ActiveCfg = Release|Any CPU
		{7D621DBD-2D13-4DBB-B004-315B8E452F3E}.Release|x64.Build.0 = Release|Any CPU
		{7D621DBD-2D13-4DBB-B004-315B8E452F3E}.Release|x64.Deploy.0 = Release|Any CPU
		{7D621DBD-2D13-4DBB-B004-315B8E452F3E}.Release|x86.ActiveCfg = Release|Any CPU
		{7D621DBD-2D13-4DBB-B004-315B8E452F3E}.Release|x86.Build.0 = Release|Any CPU
		{7D621DBD-2D13-4DBB-B004-315B8E452F3E}.Release|x86.Deploy.0 = Release|Any CPU
	EndGlobalSection
	GlobalSection(SolutionProperties) = preSolution
		HideSolutionNode = FALSE
	EndGlobalSection
	GlobalSection(ExtensibilityGlobals) = postSolution
		SolutionGuid = {D9EB1D89-BFEA-41B9-BF8F-2FA35B16FAC5}
	EndGlobalSection
EndGlobal
